<?xml version="1.0" encoding="utf-8"?>
<Project ToolsVersion="4.0" xmlns="http://schemas.microsoft.com/developer/msbuild/2003">
  <ItemGroup>
    <ClCompile Include="..\src\main.cpp" />
    <ClCompile Include="..\..\_engine\src\engine\render\renderer.cpp">
      <Filter>engine\render</Filter>
    </ClCompile>
    <ClCompile Include="..\..\_engine\src\engine\log\log.cpp">
      <Filter>engine\log</Filter>
    </ClCompile>
    <ClCompile Include="..\..\_engine\src\engine\utils\ny_utils.cpp">
      <Filter>engine\utils</Filter>
    </ClCompile>
    <ClCompile Include="..\..\_engine\src\engine\utils\quaternion.c">
      <Filter>engine\utils</Filter>
    </ClCompile>
    <ClCompile Include="..\..\_engine\src\engine\utils\types_3d.cpp">
      <Filter>engine\utils</Filter>
    </ClCompile>
    <ClCompile Include="..\..\_engine\src\engine\render\graph\tex_manager.cpp">
      <Filter>engine\render</Filter>
    </ClCompile>
    <ClCompile Include="..\src\chunk.cpp" />
    <ClCompile Include="..\..\_engine\src\RuntimeCompiler\FileChangeNotifier.cpp">
      <Filter>RuntimeCompiler</Filter>
    </ClCompile>
    <ClCompile Include="..\..\_engine\src\RuntimeCompiler\Compiler_PlatformWindows.cpp">
      <Filter>RuntimeCompiler</Filter>
    </ClCompile>
    <ClCompile Include="..\..\_engine\src\RuntimeCompiler\BuildTool.cpp">
      <Filter>RuntimeCompiler</Filter>
    </ClCompile>
    <ClCompile Include="..\..\_engine\src\RuntimeObjectSystem\ObjectInterfacePerModuleSource.cpp">
      <Filter>RuntimeObjectSystem</Filter>
    </ClCompile>
    <ClCompile Include="..\..\_engine\src\RuntimeObjectSystem\RuntimeObjectSystem.cpp">
      <Filter>RuntimeObjectSystem</Filter>
    </ClCompile>
    <ClCompile Include="..\..\_engine\src\RuntimeObjectSystem\RuntimeObjectSystem_PlatformWindows.cpp">
      <Filter>RuntimeObjectSystem</Filter>
    </ClCompile>
    <ClCompile Include="..\..\_engine\src\RuntimeObjectSystem\SimpleSerializer\SimpleSerializer.cpp">
      <Filter>RuntimeObjectSystem</Filter>
    </ClCompile>
    <ClCompile Include="..\..\_engine\src\RuntimeObjectSystem\ObjectFactorySystem\ObjectFactorySystem.cpp">
      <Filter>RuntimeObjectSystem</Filter>
    </ClCompile>
    <ClCompile Include="..\..\_engine\src\RuntimeCompiler\SimpleFileWatcher\FileWatcher.cpp">
      <Filter>RuntimeCompiler</Filter>
    </ClCompile>
    <ClCompile Include="..\..\_engine\src\RuntimeCompiler\SimpleFileWatcher\FileWatcherWin32.cpp">
      <Filter>RuntimeCompiler</Filter>
    </ClCompile>
    <ClCompile Include="..\src\Game.cpp" />
    <ClCompile Include="..\src\StdioLogSystem.cpp" />
    <ClCompile Include="cube.cpp" />
  </ItemGroup>
  <ItemGroup>
    <Filter Include="engine">
      <UniqueIdentifier>{ae4e05d4-a1d7-4a08-b636-e63623fdf46f}</UniqueIdentifier>
    </Filter>
    <Filter Include="engine\render">
      <UniqueIdentifier>{a376097d-3850-4557-a4c2-fca1449830df}</UniqueIdentifier>
    </Filter>
    <Filter Include="engine\log">
      <UniqueIdentifier>{0a822301-530a-4ea3-9539-50b080a3d8da}</UniqueIdentifier>
    </Filter>
    <Filter Include="engine\utils">
      <UniqueIdentifier>{21d9c9a8-c7df-44d8-9b7c-19fbc8d21a7e}</UniqueIdentifier>
    </Filter>
    <Filter Include="RuntimeCompiler">
      <UniqueIdentifier>{759fd09d-3ff7-4e03-9095-76afb1ba709d}</UniqueIdentifier>
    </Filter>
    <Filter Include="RuntimeObjectSystem">
      <UniqueIdentifier>{f96b1cef-a4a3-48a9-900c-8aec9e9332a7}</UniqueIdentifier>
    </Filter>
    <Filter Include="shaders">
      <UniqueIdentifier>{4af37f9e-1a04-4cfb-9f52-38e1f0795a5f}</UniqueIdentifier>
    </Filter>
    <Filter Include="textures">
      <UniqueIdentifier>{5f36d273-0e8a-4241-a34c-ef710fe24fe1}</UniqueIdentifier>
    </Filter>
  </ItemGroup>
  <ItemGroup>
    <ClInclude Include="..\..\_engine\src\engine\render\renderer.h">
      <Filter>engine\render</Filter>
    </ClInclude>
    <ClInclude Include="..\..\_engine\src\engine\log\log.h">
      <Filter>engine\log</Filter>
    </ClInclude>
    <ClInclude Include="..\..\_engine\src\engine\log\log_console.h">
      <Filter>engine\log</Filter>
    </ClInclude>
    <ClInclude Include="..\..\_engine\src\engine\log\log_file.h">
      <Filter>engine\log</Filter>
    </ClInclude>
    <ClInclude Include="..\..\_engine\src\engine\render\camera.h">
      <Filter>engine\render</Filter>
    </ClInclude>
    <ClInclude Include="..\..\_engine\src\engine\utils\ny_utils.h">
      <Filter>engine\utils</Filter>
    </ClInclude>
    <ClInclude Include="..\..\_engine\src\engine\utils\quaternion.h">
      <Filter>engine\utils</Filter>
    </ClInclude>
    <ClInclude Include="..\..\_engine\src\engine\utils\types.h">
      <Filter>engine\utils</Filter>
    </ClInclude>
    <ClInclude Include="..\..\_engine\src\engine\utils\types_3d.h">
      <Filter>engine\utils</Filter>
    </ClInclude>
    <ClInclude Include="..\..\_engine\src\engine\render\graph\tex_manager.h">
      <Filter>engine\render</Filter>
    </ClInclude>
    <ClInclude Include="..\src\chunk.h" />
    <ClInclude Include="..\src\cube.h" />
    <ClInclude Include="..\src\world.h" />
    <ClInclude Include="..\..\_engine\src\RuntimeCompiler\IFileChangeNotifier.h">
      <Filter>RuntimeCompiler</Filter>
    </ClInclude>
    <ClInclude Include="..\..\_engine\src\RuntimeCompiler\ICompilerLogger.h">
      <Filter>RuntimeCompiler</Filter>
    </ClInclude>
    <ClInclude Include="..\..\_engine\src\RuntimeCompiler\FileSystemUtils.h">
      <Filter>RuntimeCompiler</Filter>
    </ClInclude>
    <ClInclude Include="..\..\_engine\src\RuntimeCompiler\FileChangeNotifier.h">
      <Filter>RuntimeCompiler</Filter>
    </ClInclude>
    <ClInclude Include="..\..\_engine\src\RuntimeCompiler\Compiler.h">
      <Filter>RuntimeCompiler</Filter>
    </ClInclude>
    <ClInclude Include="..\..\_engine\src\RuntimeCompiler\CompileOptions.h">
      <Filter>RuntimeCompiler</Filter>
    </ClInclude>
    <ClInclude Include="..\..\_engine\src\RuntimeCompiler\BuildTool.h">
      <Filter>RuntimeCompiler</Filter>
    </ClInclude>
    <ClInclude Include="..\..\_engine\src\RuntimeCompiler\AUArray.h">
      <Filter>RuntimeCompiler</Filter>
    </ClInclude>
    <ClInclude Include="..\..\_engine\src\RuntimeObjectSystem\IObject.h">
      <Filter>RuntimeObjectSystem</Filter>
    </ClInclude>
    <ClInclude Include="..\..\_engine\src\RuntimeObjectSystem\IObjectFactorySystem.h">
      <Filter>RuntimeObjectSystem</Filter>
    </ClInclude>
    <ClInclude Include="..\..\_engine\src\RuntimeObjectSystem\IRuntimeObjectSystem.h">
      <Filter>RuntimeObjectSystem</Filter>
    </ClInclude>
    <ClInclude Include="..\..\_engine\src\RuntimeObjectSystem\ISimpleSerializer.h">
      <Filter>RuntimeObjectSystem</Filter>
    </ClInclude>
    <ClInclude Include="..\..\_engine\src\RuntimeObjectSystem\ObjectInterface.h">
      <Filter>RuntimeObjectSystem</Filter>
    </ClInclude>
    <ClInclude Include="..\..\_engine\src\RuntimeObjectSystem\ObjectInterfacePerModule.h">
      <Filter>RuntimeObjectSystem</Filter>
    </ClInclude>
    <ClInclude Include="..\..\_engine\src\RuntimeObjectSystem\RuntimeInclude.h">
      <Filter>RuntimeObjectSystem</Filter>
    </ClInclude>
    <ClInclude Include="..\..\_engine\src\RuntimeObjectSystem\RuntimeLinkLibrary.h">
      <Filter>RuntimeObjectSystem</Filter>
    </ClInclude>
    <ClInclude Include="..\..\_engine\src\RuntimeObjectSystem\RuntimeObjectSystem.h">
      <Filter>RuntimeObjectSystem</Filter>
    </ClInclude>
    <ClInclude Include="..\..\_engine\src\RuntimeObjectSystem\RuntimeProtector.h">
      <Filter>RuntimeObjectSystem</Filter>
    </ClInclude>
    <ClInclude Include="..\..\_engine\src\RuntimeObjectSystem\RuntimeSourceDependency.h">
      <Filter>RuntimeObjectSystem</Filter>
    </ClInclude>
    <ClInclude Include="..\..\_engine\src\RuntimeObjectSystem\SimpleSerializer\SimpleSerializer.h">
      <Filter>RuntimeObjectSystem</Filter>
    </ClInclude>
    <ClInclude Include="..\..\_engine\src\RuntimeObjectSystem\ObjectFactorySystem\ObjectFactorySystem.h">
      <Filter>RuntimeObjectSystem</Filter>
    </ClInclude>
    <ClInclude Include="..\..\_engine\src\RuntimeCompiler\SimpleFileWatcher\FileWatcher.h">
      <Filter>RuntimeCompiler</Filter>
    </ClInclude>
    <ClInclude Include="..\..\_engine\src\RuntimeCompiler\SimpleFileWatcher\FileWatcherImpl.h">
      <Filter>RuntimeCompiler</Filter>
    </ClInclude>
    <ClInclude Include="..\..\_engine\src\RuntimeCompiler\SimpleFileWatcher\FileWatcherWin32.h">
      <Filter>RuntimeCompiler</Filter>
    </ClInclude>
    <ClInclude Include="..\..\_engine\src\RuntimeCompiler\SimpleFileWatcher\FileWatcherWin32_AltImpl.h">
      <Filter>RuntimeCompiler</Filter>
    </ClInclude>
    <ClInclude Include="..\src\Game.h" />
    <ClInclude Include="..\src\StdioLogSystem.h" />
  </ItemGroup>
  <ItemGroup>
    <None Include="..\run\shaders\psbase.glsl">
      <Filter>shaders</Filter>
    </None>
    <None Include="..\run\shaders\pscube.glsl">
      <Filter>shaders</Filter>
    </None>
    <None Include="..\run\shaders\vsbase.glsl">
      <Filter>shaders</Filter>
    </None>
    <None Include="..\run\shaders\vscube.glsl">
      <Filter>shaders</Filter>
    </None>
    <None Include="..\run\shaders\postprocess\pshader.glsl">
      <Filter>shaders</Filter>
    </None>
  </ItemGroup>
  <ItemGroup>
    <Image Include="..\run\textures\grass.png">
      <Filter>textures</Filter>
    </Image>
  </ItemGroup>
</Project>